// !$*UTF8*$!
{
	archiveVersion = 1;
	classes = {
	};
	objectVersion = 50;
	objects = {

/* Begin PBXBuildFile section */
		22E720C0224BFE7900AC969E /* Question.swift in Sources */ = {isa = PBXBuildFile; fileRef = 22E720BF224BFE7900AC969E /* Question.swift */; };
		6D19C639224469360036B851 /* AppDelegate.swift in Sources */ = {isa = PBXBuildFile; fileRef = 6D19C638224469360036B851 /* AppDelegate.swift */; };
		6D19C63B224469360036B851 /* ViewController.swift in Sources */ = {isa = PBXBuildFile; fileRef = 6D19C63A224469360036B851 /* ViewController.swift */; };
		6D19C63E224469360036B851 /* Main.storyboard in Resources */ = {isa = PBXBuildFile; fileRef = 6D19C63C224469360036B851 /* Main.storyboard */; };
		6D19C6402244693E0036B851 /* Assets.xcassets in Resources */ = {isa = PBXBuildFile; fileRef = 6D19C63F2244693E0036B851 /* Assets.xcassets */; };
		6D19C6432244693E0036B851 /* LaunchScreen.storyboard in Resources */ = {isa = PBXBuildFile; fileRef = 6D19C6412244693E0036B851 /* LaunchScreen.storyboard */; };
/* End PBXBuildFile section */

/* Begin PBXFileReference section */
		22E720BF224BFE7900AC969E /* Question.swift */ = {isa = PBXFileReference; lastKnownFileType = sourcecode.swift; path = Question.swift; sourceTree = "<group>"; };
		6D19C635224469360036B851 /* 05 - QuizApp.app */ = {isa = PBXFileReference; explicitFileType = wrapper.application; includeInIndex = 0; path = "05 - QuizApp.app"; sourceTree = BUILT_PRODUCTS_DIR; };
		6D19C638224469360036B851 /* AppDelegate.swift */ = {isa = PBXFileReference; lastKnownFileType = sourcecode.swift; path = AppDelegate.swift; sourceTree = "<group>"; };
		6D19C63A224469360036B851 /* ViewController.swift */ = {isa = PBXFileReference; lastKnownFileType = sourcecode.swift; path = ViewController.swift; sourceTree = "<group>"; };
		6D19C63D224469360036B851 /* Base */ = {isa = PBXFileReference; lastKnownFileType = file.storyboard; name = Base; path = Base.lproj/Main.storyboard; sourceTree = "<group>"; };
		6D19C63F2244693E0036B851 /* Assets.xcassets */ = {isa = PBXFileReference; lastKnownFileType = folder.assetcatalog; path = Assets.xcassets; sourceTree = "<group>"; };
		6D19C6422244693E0036B851 /* Base */ = {isa = PBXFileReference; lastKnownFileType = file.storyboard; name = Base; path = Base.lproj/LaunchScreen.storyboard; sourceTree = "<group>"; };
		6D19C6442244693E0036B851 /* Info.plist */ = {isa = PBXFileReference; lastKnownFileType = text.plist.xml; path = Info.plist; sourceTree = "<group>"; };
/* End PBXFileReference section */

/* Begin PBXFrameworksBuildPhase section */
		6D19C632224469360036B851 /* Frameworks */ = {
			isa = PBXFrameworksBuildPhase;
			buildActionMask = 2147483647;
			files = (
			);
			runOnlyForDeploymentPostprocessing = 0;
		};
/* End PBXFrameworksBuildPhase section */

/* Begin PBXGroup section */
		22E720BE224BFE6200AC969E /* Model */ = {
			isa = PBXGroup;
			children = (
				22E720BF224BFE7900AC969E /* Question.swift */,
			);
			path = Model;
			sourceTree = "<group>";
		};
		6D19C62C224469360036B851 = {
			isa = PBXGroup;
			children = (
				6D19C637224469360036B851 /* 05 - QuizApp */,
				6D19C636224469360036B851 /* Products */,
			);
			sourceTree = "<group>";
		};
		6D19C636224469360036B851 /* Products */ = {
			isa = PBXGroup;
			children = (
				6D19C635224469360036B851 /* 05 - QuizApp.app */,
			);
			name = Products;
			sourceTree = "<group>";
		};
		6D19C637224469360036B851 /* 05 - QuizApp */ = {
			isa = PBXGroup;
			children = (
				22E720BE224BFE6200AC969E /* Model */,
				6D19C64C22446D710036B851 /* Controller */,
				6D19C64B22446D640036B851 /* View */,
				6D19C64D22446D7B0036B851 /* Supporting files */,
			);
			path = "05 - QuizApp";
			sourceTree = "<group>";
		};
		6D19C64B22446D640036B851 /* View */ = {
			isa = PBXGroup;
			children = (
				6D19C63C224469360036B851 /* Main.storyboard */,
				6D19C63F2244693E0036B851 /* Assets.xcassets */,
			);
			path = View;
			sourceTree = "<group>";
		};
		6D19C64C22446D710036B851 /* Controller */ = {
			isa = PBXGroup;
			children = (
				6D19C638224469360036B851 /* AppDelegate.swift */,
				6D19C63A224469360036B851 /* ViewController.swift */,
			);
			path = Controller;
			sourceTree = "<group>";
		};
		6D19C64D22446D7B0036B851 /* Supporting files */ = {
			isa = PBXGroup;
			children = (
				6D19C6412244693E0036B851 /* LaunchScreen.storyboard */,
				6D19C6442244693E0036B851 /* Info.plist */,
			);
			path = "Supporting files";
			sourceTree = "<group>";
		};
/* End PBXGroup section */

/* Begin PBXNativeTarget section */
		6D19C634224469360036B851 /* 05 - QuizApp */ = {
			isa = PBXNativeTarget;
			buildConfigurationList = 6D19C6472244693E0036B851 /* Build configuration list for PBXNativeTarget "05 - QuizApp" */;
			buildPhases = (
				6D19C631224469360036B851 /* Sources */,
				6D19C632224469360036B851 /* Frameworks */,
				6D19C633224469360036B851 /* Resources */,
			);
			buildRules = (
			);
			dependencies = (
			);
			name = "05 - QuizApp";
			productName = "05 - QuizApp";
			productReference = 6D19C635224469360036B851 /* 05 - QuizApp.app */;
			productType = "com.apple.product-type.application";
		};
/* End PBXNativeTarget section */

/* Begin PBXProject section */
		6D19C62D224469360036B851 /* Project object */ = {
			isa = PBXProject;
			attributes = {
				LastSwiftUpdateCheck = 1010;
				LastUpgradeCheck = 1010;
				ORGANIZATIONNAME = "Eduardo Carrillo";
				TargetAttributes = {
					6D19C634224469360036B851 = {
						CreatedOnToolsVersion = 10.1;
					};
				};
			};
			buildConfigurationList = 6D19C630224469360036B851 /* Build configuration list for PBXProject "05 - QuizApp" */;
			compatibilityVersion = "Xcode 9.3";
			developmentRegion = en;
			hasScannedForEncodings = 0;
			knownRegions = (
				en,
				Base,
			);
			mainGroup = 6D19C62C224469360036B851;
			productRefGroup = 6D19C636224469360036B851 /* Products */;
			projectDirPath = "";
			projectRoot = "";
			targets = (
				6D19C634224469360036B851 /* 05 - QuizApp */,
			);
		};
/* End PBXProject section */

/* Begin PBXResourcesBuildPhase section */
		6D19C633224469360036B851 /* Resources */ = {
			isa = PBXResourcesBuildPhase;
			buildActionMask = 2147483647;
			files = (
				6D19C6432244693E0036B851 /* LaunchScreen.storyboard in Resources */,
				6D19C6402244693E0036B851 /* Assets.xcassets in Resources */,
				6D19C63E224469360036B851 /* Main.storyboard in Resources */,
			);
			runOnlyForDeploymentPostprocessing = 0;
		};
/* End PBXResourcesBuildPhase section */

/* Begin PBXSourcesBuildPhase section */
		6D19C631224469360036B851 /* Sources */ = {
			isa = PBXSourcesBuildPhase;
			buildActionMask = 2147483647;
			files = (
				22E720C0224BFE7900AC969E /* Question.swift in Sources */,
				6D19C63B224469360036B851 /* ViewController.swift in Sources */,
				6D19C639224469360036B851 /* AppDelegate.swift in Sources */,
			);
			runOnlyForDeploymentPostprocessing = 0;
		};
/* End PBXSourcesBuildPhase section */

/* Begin PBXVariantGroup section */
		6D19C63C224469360036B851 /* Main.storyboard */ = {
			isa = PBXVariantGroup;
			children = (
				6D19C63D224469360036B851 /* Base */,
			);
			name = Main.storyboard;
			sourceTree = "<group>";
		};
		6D19C6412244693E0036B851 /* LaunchScreen.storyboard */ = {
			isa = PBXVariantGroup;
			children = (
				6D19C6422244693E0036B851 /* Base */,
			);
			name = LaunchScreen.storyboard;
			sourceTree = "<group>";
		};
/* End PBXVariantGroup section */

/* Begin XCBuildConfiguration section */
		6D19C6452244693E0036B851 /* Debug */ = {
			isa = XCBuildConfiguration;
			buildSettings = {
				ALWAYS_SEARCH_USER_PATHS = NO;
				CLANG_ANALYZER_NONNULL = YES;
				CLANG_ANALYZER_NUMBER_OBJECT_CONVERSION = YES_AGGRESSIVE;
				CLANG_CXX_LANGUAGE_STANDARD = "gnu++14";
				CLANG_CXX_LIBRARY = "libc++";
				CLANG_ENABLE_MODULES = YES;
				CLANG_ENABLE_OBJC_ARC = YES;
				CLANG_ENABLE_OBJC_WEAK = YES;
				CLANG_WARN_BLOCK_CAPTURE_AUTORELEASING = YES;
				CLANG_WARN_BOOL_CONVERSION = YES;
				CLANG_WARN_COMMA = YES;
				CLANG_WARN_CONSTANT_CONVERSION = YES;
				CLANG_WARN_DEPRECATED_OBJC_IMPLEMENTATIONS = YES;
				CLANG_WARN_DIRECT_OBJC_ISA_USAGE = YES_ERROR;
				CLANG_WARN_DOCUMENTATION_COMMENTS = YES;
				CLANG_WARN_EMPTY_BODY = YES;
				CLANG_WARN_ENUM_CONVERSION = YES;
				CLANG_WARN_INFINITE_RECURSION = YES;
				CLANG_WARN_INT_CONVERSION = YES;
				CLANG_WARN_NON_LITERAL_NULL_CONVERSION = YES;
				CLANG_WARN_OBJC_IMPLICIT_RETAIN_SELF = YES;
				CLANG_WARN_OBJC_LITERAL_CONVERSION = YES;
				CLANG_WARN_OBJC_ROOT_CLASS = YES_ERROR;
				CLANG_WARN_RANGE_LOOP_ANALYSIS = YES;
				CLANG_WARN_STRICT_PROTOTYPES = YES;
				CLANG_WARN_SUSPICIOUS_MOVE = YES;
				CLANG_WARN_UNGUARDED_AVAILABILITY = YES_AGGRESSIVE;
				CLANG_WARN_UNREACHABLE_CODE = YES;
				CLANG_WARN__DUPLICATE_METHOD_MATCH = YES;
				CODE_SIGN_IDENTITY = "iPhone Developer";
				COPY_PHASE_STRIP = NO;
				DEBUG_INFORMATION_FORMAT = dwarf;
				ENABLE_STRICT_OBJC_MSGSEND = YES;
				ENABLE_TESTABILITY = YES;
				GCC_C_LANGUAGE_STANDARD = gnu11;
				GCC_DYNAMIC_NO_PIC = NO;
				GCC_NO_COMMON_BLOCKS = YES;
				GCC_OPTIMIZATION_LEVEL = 0;
				GCC_PREPROCESSOR_DEFINITIONS = (
					"DEBUG=1",
					"$(inherited)",
				);
				GCC_WARN_64_TO_32_BIT_CONVERSION = YES;
				GCC_WARN_ABOUT_RETURN_TYPE = YES_ERROR;
				GCC_WARN_UNDECLARED_SELECTOR = YES;
				GCC_WARN_UNINITIALIZED_AUTOS = YES_AGGRESSIVE;
				GCC_WARN_UNUSED_FUNCTION = YES;
				GCC_WARN_UNUSED_VARIABLE = YES;
				IPHONEOS_DEPLOYMENT_TARGET = 12.1;
				MTL_ENABLE_DEBUG_INFO = INCLUDE_SOURCE;
				MTL_FAST_MATH = YES;
				ONLY_ACTIVE_ARCH = YES;
				SDKROOT = iphoneos;
				SWIFT_ACTIVE_COMPILATION_CONDITIONS = DEBUG;
				SWIFT_OPTIMIZATION_LEVEL = "-Onone";
			};
			name = Debug;
		};
		6D19C6462244693E0036B851 /* Release */ = {
			isa = XCBuildConfiguration;
			buildSettings = {
				ALWAYS_SEARCH_USER_PATHS = NO;
				CLANG_ANALYZER_NONNULL = YES;
				CLANG_ANALYZER_NUMBER_OBJECT_CONVERSION = YES_AGGRESSIVE;
				CLANG_CXX_LANGUAGE_STANDARD = "gnu++14";
				CLANG_CXX_LIBRARY = "libc++";
				CLANG_ENABLE_MODULES = YES;
				CLANG_ENABLE_OBJC_ARC = YES;
				CLANG_ENABLE_OBJC_WEAK = YES;
				CLANG_WARN_BLOCK_CAPTURE_AUTORELEASING = YES;
				CLANG_WARN_BOOL_CONVERSION = YES;
				CLANG_WARN_COMMA = YES;
				CLANG_WARN_CONSTANT_CONVERSION = YES;
				CLANG_WARN_DEPRECATED_OBJC_IMPLEMENTATIONS = YES;
				CLANG_WARN_DIRECT_OBJC_ISA_USAGE = YES_ERROR;
				CLANG_WARN_DOCUMENTATION_COMMENTS = YES;
				CLANG_WARN_EMPTY_BODY = YES;
				CLANG_WARN_ENUM_CONVERSION = YES;
				CLANG_WARN_INFINITE_RECURSION = YES;
				CLANG_WARN_INT_CONVERSION = YES;
				CLANG_WARN_NON_LITERAL_NULL_CONVERSION = YES;
				CLANG_WARN_OBJC_IMPLICIT_RETAIN_SELF = YES;
				CLANG_WARN_OBJC_LITERAL_CONVERSION = YES;
				CLANG_WARN_OBJC_ROOT_CLASS = YES_ERROR;
				CLANG_WARN_RANGE_LOOP_ANALYSIS = YES;
				CLANG_WARN_STRICT_PROTOTYPES = YES;
				CLANG_WARN_SUSPICIOUS_MOVE = YES;
				CLANG_WARN_UNGUARDED_AVAILABILITY = YES_AGGRESSIVE;
				CLANG_WARN_UNREACHABLE_CODE = YES;
				CLANG_WARN__DUPLICATE_METHOD_MATCH = YES;
				CODE_SIGN_IDENTITY = "iPhone Developer";
				COPY_PHASE_STRIP = NO;
				DEBUG_INFORMATION_FORMAT = "dwarf-with-dsym";
				ENABLE_NS_ASSERTIONS = NO;
				ENABLE_STRICT_OBJC_MSGSEND = YES;
				GCC_C_LANGUAGE_STANDARD = gnu11;
				GCC_NO_COMMON_BLOCKS = YES;
				GCC_WARN_64_TO_32_BIT_CONVERSION = YES;
				GCC_WARN_ABOUT_RETURN_TYPE = YES_ERROR;
				GCC_WARN_UNDECLARED_SELECTOR = YES;
				GCC_WARN_UNINITIALIZED_AUTOS = YES_AGGRESSIVE;
				GCC_WARN_UNUSED_FUNCTION = YES;
				GCC_WARN_UNUSED_VARIABLE = YES;
				IPHONEOS_DEPLOYMENT_TARGET = 12.1;
				MTL_ENABLE_DEBUG_INFO = NO;
				MTL_FAST_MATH = YES;
				SDKROOT = iphoneos;
				SWIFT_COMPILATION_MODE = wholemodule;
				SWIFT_OPTIMIZATION_LEVEL = "-O";
				VALIDATE_PRODUCT = YES;
			};
			name = Release;
		};
		6D19C6482244693E0036B851 /* Debug */ = {
			isa = XCBuildConfiguration;
			buildSettings = {
				ASSETCATALOG_COMPILER_APPICON_NAME = AppIcon;
				CODE_SIGN_STYLE = Automatic;
				DEVELOPMENT_TEAM = 9K6U5FW696;
				INFOPLIST_FILE = "$(SRCROOT)/05 - QuizApp/Supporting files/Info.plist";
				LD_RUNPATH_SEARCH_PATHS = (
					"$(inherited)",
					"@executable_path/Frameworks",
				);
				PRODUCT_BUNDLE_IDENTIFIER = com.eduardocarrillo.QuizApp;
				PRODUCT_NAME = "$(TARGET_NAME)";
				SWIFT_VERSION = 4.2;
				TARGETED_DEVICE_FAMILY = "1,2";
			};
			name = Debug;
		};
		6D19C6492244693E0036B851 /* Release */ = {
			isa = XCBuildConfiguration;
			buildSettings = {
				ASSETCATALOG_COMPILER_APPICON_NAME = AppIcon;
				CODE_SIGN_STYLE = Automatic;
				DEVELOPMENT_TEAM = 9K6U5FW696;
				INFOPLIST_FILE = "$(SRCROOT)/05 - QuizApp/Supporting files/Info.plist";
				LD_RUNPATH_SEARCH_PATHS = (
					"$(inherited)",
					"@executable_path/Frameworks",
				);
				PRODUCT_BUNDLE_IDENTIFIER = com.eduardocarrillo.QuizApp;
				PRODUCT_NAME = "$(TARGET_NAME)";
				SWIFT_VERSION = 4.2;
				TARGETED_DEVICE_FAMILY = "1,2";
			};
			name = Release;
		};
/* End XCBuildConfiguration section */

/* Begin XCConfigurationList section */
		6D19C630224469360036B851 /* Build configuration list for PBXProject "05 - QuizApp" */ = {
			isa = XCConfigurationList;
			buildConfigurations = (
				6D19C6452244693E0036B851 /* Debug */,
				6D19C6462244693E0036B851 /* Release */,
			);
			defaultConfigurationIsVisible = 0;
			defaultConfigurationName = Release;
		};
		6D19C6472244693E0036B851 /* Build configuration list for PBXNativeTarget "05 - QuizApp" */ = {
			isa = XCConfigurationList;
			buildConfigurations = (
				6D19C6482244693E0036B851 /* Debug */,
				6D19C6492244693E0036B851 /* Release */,
			);
			defaultConfigurationIsVisible = 0;
			defaultConfigurationName = Release;
		};
/* End XCConfigurationList section */
	};
	rootObject = 6D19C62D224469360036B851 /* Project object */;
}
